
Microsoft Visual Studio Solution File, Format Version 12.00
# Visual Studio Version 17
VisualStudioVersion = 17.3.32819.101
MinimumVisualStudioVersion = 10.0.40219.1
Project("{FAE04EC0-301F-11D3-BF4B-00C04F79EFBC}") = "StudentMVC", "StudentMVC\StudentMVC.csproj", "{66CEE750-3BD1-4C92-A256-539FF9D8B884}"
EndProject
Global
	GlobalSection(SolutionConfigurationPlatforms) = preSolution
		Debug|Any CPU = Debug|Any CPU
		Release|Any CPU = Release|Any CPU
	EndGlobalSection
	GlobalSection(ProjectConfigurationPlatforms) = postSolution
		{66CEE750-3BD1-4C92-A256-539FF9D8B884}.Debug|Any CPU.ActiveCfg = Debug|Any CPU
		{66CEE750-3BD1-4C92-A256-539FF9D8B884}.Debug|Any CPU.Build.0 = Debug|Any CPU
		{66CEE750-3BD1-4C92-A256-539FF9D8B884}.Release|Any CPU.ActiveCfg = Release|Any CPU
		{66CEE750-3BD1-4C92-A256-539FF9D8B884}.Release|Any CPU.Build.0 = Release|Any CPU
	EndGlobalSection
	GlobalSection(SolutionProperties) = preSolution
		HideSolutionNode = FALSE
	EndGlobalSection
	GlobalSection(ExtensibilityGlobals) = postSolution
		SolutionGuid = {AC4AF410-AC91-436B-AEFB-29A3B6E8E31C}
	EndGlobalSection
EndGlobal
